
Microsoft Visual Studio Solution File, Format Version 12.00
# Visual Studio Version 17
VisualStudioVersion = 17.7.34031.279
MinimumVisualStudioVersion = 10.0.40219.1
Project("{FAE04EC0-301F-11D3-BF4B-00C04F79EFBC}") = "Password Manager", "Password Manager.csproj", "{2B7A75ED-0F9D-433A-A829-AD6F2DA4EEFE}"
EndProject
Global
	GlobalSection(SolutionConfigurationPlatforms) = preSolution
		Debug|Any CPU = Debug|Any CPU
		Debug|x64 = Debug|x64
		Release|Any CPU = Release|Any CPU
		Release|x64 = Release|x64
	EndGlobalSection
	GlobalSection(ProjectConfigurationPlatforms) = postSolution
		{2B7A75ED-0F9D-433A-A829-AD6F2DA4EEFE}.Debug|Any CPU.ActiveCfg = Debug|Any CPU
		{2B7A75ED-0F9D-433A-A829-AD6F2DA4EEFE}.Debug|Any CPU.Build.0 = Debug|Any CPU
		{2B7A75ED-0F9D-433A-A829-AD6F2DA4EEFE}.Debug|x64.ActiveCfg = Debug|x64
		{2B7A75ED-0F9D-433A-A829-AD6F2DA4EEFE}.Debug|x64.Build.0 = Debug|x64
		{2B7A75ED-0F9D-433A-A829-AD6F2DA4EEFE}.Release|Any CPU.ActiveCfg = Release|Any CPU
		{2B7A75ED-0F9D-433A-A829-AD6F2DA4EEFE}.Release|Any CPU.Build.0 = Release|Any CPU
		{2B7A75ED-0F9D-433A-A829-AD6F2DA4EEFE}.Release|x64.ActiveCfg = Release|x64
		{2B7A75ED-0F9D-433A-A829-AD6F2DA4EEFE}.Release|x64.Build.0 = Release|x64
	EndGlobalSection
	GlobalSection(SolutionProperties) = preSolution
		HideSolutionNode = FALSE
	EndGlobalSection
	GlobalSection(ExtensibilityGlobals) = postSolution
		SolutionGuid = {448F7DF9-1320-445F-9C3C-5A5B3EFB2091}
	EndGlobalSection
EndGlobal
